
Microsoft Visual Studio Solution File, Format Version 12.00
# Visual Studio 14
VisualStudioVersion = 14.0.25420.1
MinimumVisualStudioVersion = 10.0.40219.1
Project("{FAE04EC0-301F-11D3-BF4B-00C04F79EFBC}") = "TourExpenseManager", "TourExpenseManager\TourExpenseManager\TourExpenseManager.csproj", "{95C4D8DD-9B8D-4EBE-9BDB-E00503DE703A}"
EndProject
Project("{FAE04EC0-301F-11D3-BF4B-00C04F79EFBC}") = "TourExpenseManager.Droid", "TourExpenseManager\TourExpenseManager.Droid\TourExpenseManager.Droid.csproj", "{5A67FB2A-7075-4574-8868-DE3D622BF90A}"
EndProject
Project("{FAE04EC0-301F-11D3-BF4B-00C04F79EFBC}") = "TourExpenseManager.iOS", "TourExpenseManager\TourExpenseManager.iOS\TourExpenseManager.iOS.csproj", "{94AED388-BACA-4A1C-B076-BE3F3A00A40C}"
EndProject
Project("{FAE04EC0-301F-11D3-BF4B-00C04F79EFBC}") = "TourExpenseManager.WinPhone", "TourExpenseManager\TourExpenseManager.WinPhone\TourExpenseManager.WinPhone.csproj", "{A266F8D5-EBCF-476C-AE3A-B7379BB650CC}"
EndProject
Project("{FAE04EC0-301F-11D3-BF4B-00C04F79EFBC}") = "TourExpenseManager.Windows", "TourExpenseManager\TourExpenseManager.Windows\TourExpenseManager.Windows.csproj", "{BA4C21A4-58B8-444C-A4EF-55DCE58C4B38}"
EndProject
Global
	GlobalSection(SolutionConfigurationPlatforms) = preSolution
		Ad-Hoc|Any CPU = Ad-Hoc|Any CPU
		Ad-Hoc|ARM = Ad-Hoc|ARM
		Ad-Hoc|iPhone = Ad-Hoc|iPhone
		Ad-Hoc|iPhoneSimulator = Ad-Hoc|iPhoneSimulator
		Ad-Hoc|x64 = Ad-Hoc|x64
		Ad-Hoc|x86 = Ad-Hoc|x86
		AppStore|Any CPU = AppStore|Any CPU
		AppStore|ARM = AppStore|ARM
		AppStore|iPhone = AppStore|iPhone
		AppStore|iPhoneSimulator = AppStore|iPhoneSimulator
		AppStore|x64 = AppStore|x64
		AppStore|x86 = AppStore|x86
		Debug|Any CPU = Debug|Any CPU
		Debug|ARM = Debug|ARM
		Debug|iPhone = Debug|iPhone
		Debug|iPhoneSimulator = Debug|iPhoneSimulator
		Debug|x64 = Debug|x64
		Debug|x86 = Debug|x86
		Release|Any CPU = Release|Any CPU
		Release|ARM = Release|ARM
		Release|iPhone = Release|iPhone
		Release|iPhoneSimulator = Release|iPhoneSimulator
		Release|x64 = Release|x64
		Release|x86 = Release|x86
	EndGlobalSection
	GlobalSection(ProjectConfigurationPlatforms) = postSolution
		{95C4D8DD-9B8D-4EBE-9BDB-E00503DE703A}.Ad-Hoc|Any CPU.ActiveCfg = Release|Any CPU
		{95C4D8DD-9B8D-4EBE-9BDB-E00503DE703A}.Ad-Hoc|Any CPU.Build.0 = Release|Any CPU
		{95C4D8DD-9B8D-4EBE-9BDB-E00503DE703A}.Ad-Hoc|ARM.ActiveCfg = Release|Any CPU
		{95C4D8DD-9B8D-4EBE-9BDB-E00503DE703A}.Ad-Hoc|ARM.Build.0 = Release|Any CPU
		{95C4D8DD-9B8D-4EBE-9BDB-E00503DE703A}.Ad-Hoc|iPhone.ActiveCfg = Release|Any CPU
		{95C4D8DD-9B8D-4EBE-9BDB-E00503DE703A}.Ad-Hoc|iPhone.Build.0 = Release|Any CPU
		{95C4D8DD-9B8D-4EBE-9BDB-E00503DE703A}.Ad-Hoc|iPhoneSimulator.ActiveCfg = Release|Any CPU
		{95C4D8DD-9B8D-4EBE-9BDB-E00503DE703A}.Ad-Hoc|iPhoneSimulator.Build.0 = Release|Any CPU
		{95C4D8DD-9B8D-4EBE-9BDB-E00503DE703A}.Ad-Hoc|x64.ActiveCfg = Release|Any CPU
		{95C4D8DD-9B8D-4EBE-9BDB-E00503DE703A}.Ad-Hoc|x64.Build.0 = Release|Any CPU
		{95C4D8DD-9B8D-4EBE-9BDB-E00503DE703A}.Ad-Hoc|x86.ActiveCfg = Release|Any CPU
		{95C4D8DD-9B8D-4EBE-9BDB-E00503DE703A}.Ad-Hoc|x86.Build.0 = Release|Any CPU
		{95C4D8DD-9B8D-4EBE-9BDB-E00503DE703A}.AppStore|Any CPU.ActiveCfg = Release|Any CPU
		{95C4D8DD-9B8D-4EBE-9BDB-E00503DE703A}.AppStore|Any CPU.Build.0 = Release|Any CPU
		{95C4D8DD-9B8D-4EBE-9BDB-E00503DE703A}.AppStore|ARM.ActiveCfg = Release|Any CPU
		{95C4D8DD-9B8D-4EBE-9BDB-E00503DE703A}.AppStore|ARM.Build.0 = Release|Any CPU
		{95C4D8DD-9B8D-4EBE-9BDB-E00503DE703A}.AppStore|iPhone.ActiveCfg = Release|Any CPU
		{95C4D8DD-9B8D-4EBE-9BDB-E00503DE703A}.AppStore|iPhone.Build.0 = Release|Any CPU
		{95C4D8DD-9B8D-4EBE-9BDB-E00503DE703A}.AppStore|iPhoneSimulator.ActiveCfg = Release|Any CPU
		{95C4D8DD-9B8D-4EBE-9BDB-E00503DE703A}.AppStore|iPhoneSimulator.Build.0 = Release|Any CPU
		{95C4D8DD-9B8D-4EBE-9BDB-E00503DE703A}.AppStore|x64.ActiveCfg = Release|Any CPU
		{95C4D8DD-9B8D-4EBE-9BDB-E00503DE703A}.AppStore|x64.Build.0 = Release|Any CPU
		{95C4D8DD-9B8D-4EBE-9BDB-E00503DE703A}.AppStore|x86.ActiveCfg = Release|Any CPU
		{95C4D8DD-9B8D-4EBE-9BDB-E00503DE703A}.AppStore|x86.Build.0 = Release|Any CPU
		{95C4D8DD-9B8D-4EBE-9BDB-E00503DE703A}.Debug|Any CPU.ActiveCfg = Debug|Any CPU
		{95C4D8DD-9B8D-4EBE-9BDB-E00503DE703A}.Debug|Any CPU.Build.0 = Debug|Any CPU
		{95C4D8DD-9B8D-4EBE-9BDB-E00503DE703A}.Debug|ARM.ActiveCfg = Debug|Any CPU
		{95C4D8DD-9B8D-4EBE-9BDB-E00503DE703A}.Debug|ARM.Build.0 = Debug|Any CPU
		{95C4D8DD-9B8D-4EBE-9BDB-E00503DE703A}.Debug|iPhone.ActiveCfg = Debug|Any CPU
		{95C4D8DD-9B8D-4EBE-9BDB-E00503DE703A}.Debug|iPhone.Build.0 = Debug|Any CPU
		{95C4D8DD-9B8D-4EBE-9BDB-E00503DE703A}.Debug|iPhoneSimulator.ActiveCfg = Debug|Any CPU
		{95C4D8DD-9B8D-4EBE-9BDB-E00503DE703A}.Debug|iPhoneSimulator.Build.0 = Debug|Any CPU
		{95C4D8DD-9B8D-4EBE-9BDB-E00503DE703A}.Debug|x64.ActiveCfg = Debug|Any CPU
		{95C4D8DD-9B8D-4EBE-9BDB-E00503DE703A}.Debug|x64.Build.0 = Debug|Any CPU
		{95C4D8DD-9B8D-4EBE-9BDB-E00503DE703A}.Debug|x86.ActiveCfg = Debug|Any CPU
		{95C4D8DD-9B8D-4EBE-9BDB-E00503DE703A}.Debug|x86.Build.0 = Debug|Any CPU
		{95C4D8DD-9B8D-4EBE-9BDB-E00503DE703A}.Release|Any CPU.ActiveCfg = Release|Any CPU
		{95C4D8DD-9B8D-4EBE-9BDB-E00503DE703A}.Release|Any CPU.Build.0 = Release|Any CPU
		{95C4D8DD-9B8D-4EBE-9BDB-E00503DE703A}.Release|ARM.ActiveCfg = Release|Any CPU
		{95C4D8DD-9B8D-4EBE-9BDB-E00503DE703A}.Release|ARM.Build.0 = Release|Any CPU
		{95C4D8DD-9B8D-4EBE-9BDB-E00503DE703A}.Release|iPhone.ActiveCfg = Release|Any CPU
		{95C4D8DD-9B8D-4EBE-9BDB-E00503DE703A}.Release|iPhone.Build.0 = Release|Any CPU
		{95C4D8DD-9B8D-4EBE-9BDB-E00503DE703A}.Release|iPhoneSimulator.ActiveCfg = Release|Any CPU
		{95C4D8DD-9B8D-4EBE-9BDB-E00503DE703A}.Release|iPhoneSimulator.Build.0 = Release|Any CPU
		{95C4D8DD-9B8D-4EBE-9BDB-E00503DE703A}.Release|x64.ActiveCfg = Release|Any CPU
		{95C4D8DD-9B8D-4EBE-9BDB-E00503DE703A}.Release|x64.Build.0 = Release|Any CPU
		{95C4D8DD-9B8D-4EBE-9BDB-E00503DE703A}.Release|x86.ActiveCfg = Release|Any CPU
		{95C4D8DD-9B8D-4EBE-9BDB-E00503DE703A}.Release|x86.Build.0 = Release|Any CPU
		{5A67FB2A-7075-4574-8868-DE3D622BF90A}.Ad-Hoc|Any CPU.ActiveCfg = Release|Any CPU
		{5A67FB2A-7075-4574-8868-DE3D622BF90A}.Ad-Hoc|Any CPU.Build.0 = Release|Any CPU
		{5A67FB2A-7075-4574-8868-DE3D622BF90A}.Ad-Hoc|Any CPU.Deploy.0 = Release|Any CPU
		{5A67FB2A-7075-4574-8868-DE3D622BF90A}.Ad-Hoc|ARM.ActiveCfg = Release|Any CPU
		{5A67FB2A-7075-4574-8868-DE3D622BF90A}.Ad-Hoc|ARM.Build.0 = Release|Any CPU
		{5A67FB2A-7075-4574-8868-DE3D622BF90A}.Ad-Hoc|ARM.Deploy.0 = Release|Any CPU
		{5A67FB2A-7075-4574-8868-DE3D622BF90A}.Ad-Hoc|iPhone.ActiveCfg = Release|Any CPU
		{5A67FB2A-7075-4574-8868-DE3D622BF90A}.Ad-Hoc|iPhone.Build.0 = Release|Any CPU
		{5A67FB2A-7075-4574-8868-DE3D622BF90A}.Ad-Hoc|iPhone.Deploy.0 = Release|Any CPU
		{5A67FB2A-7075-4574-8868-DE3D622BF90A}.Ad-Hoc|iPhoneSimulator.ActiveCfg = Release|Any CPU
		{5A67FB2A-7075-4574-8868-DE3D622BF90A}.Ad-Hoc|iPhoneSimulator.Build.0 = Release|Any CPU
		{5A67FB2A-7075-4574-8868-DE3D622BF90A}.Ad-Hoc|iPhoneSimulator.Deploy.0 = Release|Any CPU
		{5A67FB2A-7075-4574-8868-DE3D622BF90A}.Ad-Hoc|x64.ActiveCfg = Release|Any CPU
		{5A67FB2A-7075-4574-8868-DE3D622BF90A}.Ad-Hoc|x64.Build.0 = Release|Any CPU
		{5A67FB2A-7075-4574-8868-DE3D622BF90A}.Ad-Hoc|x64.Deploy.0 = Release|Any CPU
		{5A67FB2A-7075-4574-8868-DE3D622BF90A}.Ad-Hoc|x86.ActiveCfg = Release|Any CPU
		{5A67FB2A-7075-4574-8868-DE3D622BF90A}.Ad-Hoc|x86.Build.0 = Release|Any CPU
		{5A67FB2A-7075-4574-8868-DE3D622BF90A}.Ad-Hoc|x86.Deploy.0 = Release|Any CPU
		{5A67FB2A-7075-4574-8868-DE3D622BF90A}.AppStore|Any CPU.ActiveCfg = Release|Any CPU
		{5A67FB2A-7075-4574-8868-DE3D622BF90A}.AppStore|Any CPU.Build.0 = Release|Any CPU
		{5A67FB2A-7075-4574-8868-DE3D622BF90A}.AppStore|Any CPU.Deploy.0 = Release|Any CPU
		{5A67FB2A-7075-4574-8868-DE3D622BF90A}.AppStore|ARM.ActiveCfg = Release|Any CPU
		{5A67FB2A-7075-4574-8868-DE3D622BF90A}.AppStore|ARM.Build.0 = Release|Any CPU
		{5A67FB2A-7075-4574-8868-DE3D622BF90A}.AppStore|ARM.Deploy.0 = Release|Any CPU
		{5A67FB2A-7075-4574-8868-DE3D622BF90A}.AppStore|iPhone.ActiveCfg = Release|Any CPU
		{5A67FB2A-7075-4574-8868-DE3D622BF90A}.AppStore|iPhone.Build.0 = Release|Any CPU
		{5A67FB2A-7075-4574-8868-DE3D622BF90A}.AppStore|iPhone.Deploy.0 = Release|Any CPU
		{5A67FB2A-7075-4574-8868-DE3D622BF90A}.AppStore|iPhoneSimulator.ActiveCfg = Release|Any CPU
		{5A67FB2A-7075-4574-8868-DE3D622BF90A}.AppStore|iPhoneSimulator.Build.0 = Release|Any CPU
		{5A67FB2A-7075-4574-8868-DE3D622BF90A}.AppStore|iPhoneSimulator.Deploy.0 = Release|Any CPU
		{5A67FB2A-7075-4574-8868-DE3D622BF90A}.AppStore|x64.ActiveCfg = Release|Any CPU
		{5A67FB2A-7075-4574-8868-DE3D622BF90A}.AppStore|x64.Build.0 = Release|Any CPU
		{5A67FB2A-7075-4574-8868-DE3D622BF90A}.AppStore|x64.Deploy.0 = Release|Any CPU
		{5A67FB2A-7075-4574-8868-DE3D622BF90A}.AppStore|x86.ActiveCfg = Release|Any CPU
		{5A67FB2A-7075-4574-8868-DE3D622BF90A}.AppStore|x86.Build.0 = Release|Any CPU
		{5A67FB2A-7075-4574-8868-DE3D622BF90A}.AppStore|x86.Deploy.0 = Release|Any CPU
		{5A67FB2A-7075-4574-8868-DE3D622BF90A}.Debug|Any CPU.ActiveCfg = Debug|Any CPU
		{5A67FB2A-7075-4574-8868-DE3D622BF90A}.Debug|Any CPU.Build.0 = Debug|Any CPU
		{5A67FB2A-7075-4574-8868-DE3D622BF90A}.Debug|Any CPU.Deploy.0 = Debug|Any CPU
		{5A67FB2A-7075-4574-8868-DE3D622BF90A}.Debug|ARM.ActiveCfg = Debug|Any CPU
		{5A67FB2A-7075-4574-8868-DE3D622BF90A}.Debug|ARM.Build.0 = Debug|Any CPU
		{5A67FB2A-7075-4574-8868-DE3D622BF90A}.Debug|ARM.Deploy.0 = Debug|Any CPU
		{5A67FB2A-7075-4574-8868-DE3D622BF90A}.Debug|iPhone.ActiveCfg = Debug|Any CPU
		{5A67FB2A-7075-4574-8868-DE3D622BF90A}.Debug|iPhone.Build.0 = Debug|Any CPU
		{5A67FB2A-7075-4574-8868-DE3D622BF90A}.Debug|iPhone.Deploy.0 = Debug|Any CPU
		{5A67FB2A-7075-4574-8868-DE3D622BF90A}.Debug|iPhoneSimulator.ActiveCfg = Debug|Any CPU
		{5A67FB2A-7075-4574-8868-DE3D622BF90A}.Debug|iPhoneSimulator.Build.0 = Debug|Any CPU
		{5A67FB2A-7075-4574-8868-DE3D622BF90A}.Debug|iPhoneSimulator.Deploy.0 = Debug|Any CPU
		{5A67FB2A-7075-4574-8868-DE3D622BF90A}.Debug|x64.ActiveCfg = Debug|Any CPU
		{5A67FB2A-7075-4574-8868-DE3D622BF90A}.Debug|x64.Build.0 = Debug|Any CPU
		{5A67FB2A-7075-4574-8868-DE3D622BF90A}.Debug|x64.Deploy.0 = Debug|Any CPU
		{5A67FB2A-7075-4574-8868-DE3D622BF90A}.Debug|x86.ActiveCfg = Debug|Any CPU
		{5A67FB2A-7075-4574-8868-DE3D622BF90A}.Debug|x86.Build.0 = Debug|Any CPU
		{5A67FB2A-7075-4574-8868-DE3D622BF90A}.Debug|x86.Deploy.0 = Debug|Any CPU
		{5A67FB2A-7075-4574-8868-DE3D622BF90A}.Release|Any CPU.ActiveCfg = Release|Any CPU
		{5A67FB2A-7075-4574-8868-DE3D622BF90A}.Release|Any CPU.Build.0 = Release|Any CPU
		{5A67FB2A-7075-4574-8868-DE3D622BF90A}.Release|Any CPU.Deploy.0 = Release|Any CPU
		{5A67FB2A-7075-4574-8868-DE3D622BF90A}.Release|ARM.ActiveCfg = Release|Any CPU
		{5A67FB2A-7075-4574-8868-DE3D622BF90A}.Release|ARM.Build.0 = Release|Any CPU
		{5A67FB2A-7075-4574-8868-DE3D622BF90A}.Release|ARM.Deploy.0 = Release|Any CPU
		{5A67FB2A-7075-4574-8868-DE3D622BF90A}.Release|iPhone.ActiveCfg = Release|Any CPU
		{5A67FB2A-7075-4574-8868-DE3D622BF90A}.Release|iPhone.Build.0 = Release|Any CPU
		{5A67FB2A-7075-4574-8868-DE3D622BF90A}.Release|iPhone.Deploy.0 = Release|Any CPU
		{5A67FB2A-7075-4574-8868-DE3D622BF90A}.Release|iPhoneSimulator.ActiveCfg = Release|Any CPU
		{5A67FB2A-7075-4574-8868-DE3D622BF90A}.Release|iPhoneSimulator.Build.0 = Release|Any CPU
		{5A67FB2A-7075-4574-8868-DE3D622BF90A}.Release|iPhoneSimulator.Deploy.0 = Release|Any CPU
		{5A67FB2A-7075-4574-8868-DE3D622BF90A}.Release|x64.ActiveCfg = Release|Any CPU
		{5A67FB2A-7075-4574-8868-DE3D622BF90A}.Release|x64.Build.0 = Release|Any CPU
		{5A67FB2A-7075-4574-8868-DE3D622BF90A}.Release|x64.Deploy.0 = Release|Any CPU
		{5A67FB2A-7075-4574-8868-DE3D622BF90A}.Release|x86.ActiveCfg = Release|Any CPU
		{5A67FB2A-7075-4574-8868-DE3D622BF90A}.Release|x86.Build.0 = Release|Any CPU
		{5A67FB2A-7075-4574-8868-DE3D622BF90A}.Release|x86.Deploy.0 = Release|Any CPU
		{94AED388-BACA-4A1C-B076-BE3F3A00A40C}.Ad-Hoc|Any CPU.ActiveCfg = Ad-Hoc|iPhone
		{94AED388-BACA-4A1C-B076-BE3F3A00A40C}.Ad-Hoc|ARM.ActiveCfg = Ad-Hoc|iPhone
		{94AED388-BACA-4A1C-B076-BE3F3A00A40C}.Ad-Hoc|iPhone.ActiveCfg = Ad-Hoc|iPhone
		{94AED388-BACA-4A1C-B076-BE3F3A00A40C}.Ad-Hoc|iPhone.Build.0 = Ad-Hoc|iPhone
		{94AED388-BACA-4A1C-B076-BE3F3A00A40C}.Ad-Hoc|iPhoneSimulator.ActiveCfg = Ad-Hoc|iPhoneSimulator
		{94AED388-BACA-4A1C-B076-BE3F3A00A40C}.Ad-Hoc|iPhoneSimulator.Build.0 = Ad-Hoc|iPhoneSimulator
		{94AED388-BACA-4A1C-B076-BE3F3A00A40C}.Ad-Hoc|x64.ActiveCfg = Ad-Hoc|iPhone
		{94AED388-BACA-4A1C-B076-BE3F3A00A40C}.Ad-Hoc|x86.ActiveCfg = Ad-Hoc|iPhone
		{94AED388-BACA-4A1C-B076-BE3F3A00A40C}.AppStore|Any CPU.ActiveCfg = AppStore|iPhone
		{94AED388-BACA-4A1C-B076-BE3F3A00A40C}.AppStore|ARM.ActiveCfg = AppStore|iPhone
		{94AED388-BACA-4A1C-B076-BE3F3A00A40C}.AppStore|iPhone.ActiveCfg = AppStore|iPhone
		{94AED388-BACA-4A1C-B076-BE3F3A00A40C}.AppStore|iPhone.Build.0 = AppStore|iPhone
		{94AED388-BACA-4A1C-B076-BE3F3A00A40C}.AppStore|iPhoneSimulator.ActiveCfg = AppStore|iPhoneSimulator
		{94AED388-BACA-4A1C-B076-BE3F3A00A40C}.AppStore|iPhoneSimulator.Build.0 = AppStore|iPhoneSimulator
		{94AED388-BACA-4A1C-B076-BE3F3A00A40C}.AppStore|x64.ActiveCfg = AppStore|iPhone
		{94AED388-BACA-4A1C-B076-BE3F3A00A40C}.AppStore|x86.ActiveCfg = AppStore|iPhone
		{94AED388-BACA-4A1C-B076-BE3F3A00A40C}.Debug|Any CPU.ActiveCfg = Debug|iPhone
		{94AED388-BACA-4A1C-B076-BE3F3A00A40C}.Debug|ARM.ActiveCfg = Debug|iPhone
		{94AED388-BACA-4A1C-B076-BE3F3A00A40C}.Debug|iPhone.ActiveCfg = Debug|iPhone
		{94AED388-BACA-4A1C-B076-BE3F3A00A40C}.Debug|iPhone.Build.0 = Debug|iPhone
		{94AED388-BACA-4A1C-B076-BE3F3A00A40C}.Debug|iPhoneSimulator.ActiveCfg = Debug|iPhoneSimulator
		{94AED388-BACA-4A1C-B076-BE3F3A00A40C}.Debug|iPhoneSimulator.Build.0 = Debug|iPhoneSimulator
		{94AED388-BACA-4A1C-B076-BE3F3A00A40C}.Debug|x64.ActiveCfg = Debug|iPhone
		{94AED388-BACA-4A1C-B076-BE3F3A00A40C}.Debug|x86.ActiveCfg = Debug|iPhone
		{94AED388-BACA-4A1C-B076-BE3F3A00A40C}.Release|Any CPU.ActiveCfg = Release|iPhone
		{94AED388-BACA-4A1C-B076-BE3F3A00A40C}.Release|ARM.ActiveCfg = Release|iPhone
		{94AED388-BACA-4A1C-B076-BE3F3A00A40C}.Release|iPhone.ActiveCfg = Release|iPhone
		{94AED388-BACA-4A1C-B076-BE3F3A00A40C}.Release|iPhone.Build.0 = Release|iPhone
		{94AED388-BACA-4A1C-B076-BE3F3A00A40C}.Release|iPhoneSimulator.ActiveCfg = Release|iPhoneSimulator
		{94AED388-BACA-4A1C-B076-BE3F3A00A40C}.Release|iPhoneSimulator.Build.0 = Release|iPhoneSimulator
		{94AED388-BACA-4A1C-B076-BE3F3A00A40C}.Release|x64.ActiveCfg = Release|iPhone
		{94AED388-BACA-4A1C-B076-BE3F3A00A40C}.Release|x86.ActiveCfg = Release|iPhone
		{A266F8D5-EBCF-476C-AE3A-B7379BB650CC}.Ad-Hoc|Any CPU.ActiveCfg = Release|Any CPU
		{A266F8D5-EBCF-476C-AE3A-B7379BB650CC}.Ad-Hoc|Any CPU.Build.0 = Release|Any CPU
		{A266F8D5-EBCF-476C-AE3A-B7379BB650CC}.Ad-Hoc|Any CPU.Deploy.0 = Release|Any CPU
		{A266F8D5-EBCF-476C-AE3A-B7379BB650CC}.Ad-Hoc|ARM.ActiveCfg = Release|ARM
		{A266F8D5-EBCF-476C-AE3A-B7379BB650CC}.Ad-Hoc|ARM.Build.0 = Release|ARM
		{A266F8D5-EBCF-476C-AE3A-B7379BB650CC}.Ad-Hoc|ARM.Deploy.0 = Release|ARM
		{A266F8D5-EBCF-476C-AE3A-B7379BB650CC}.Ad-Hoc|iPhone.ActiveCfg = Release|Any CPU
		{A266F8D5-EBCF-476C-AE3A-B7379BB650CC}.Ad-Hoc|iPhone.Build.0 = Release|Any CPU
		{A266F8D5-EBCF-476C-AE3A-B7379BB650CC}.Ad-Hoc|iPhone.Deploy.0 = Release|Any CPU
		{A266F8D5-EBCF-476C-AE3A-B7379BB650CC}.Ad-Hoc|iPhoneSimulator.ActiveCfg = Release|Any CPU
		{A266F8D5-EBCF-476C-AE3A-B7379BB650CC}.Ad-Hoc|iPhoneSimulator.Build.0 = Release|Any CPU
		{A266F8D5-EBCF-476C-AE3A-B7379BB650CC}.Ad-Hoc|iPhoneSimulator.Deploy.0 = Release|Any CPU
		{A266F8D5-EBCF-476C-AE3A-B7379BB650CC}.Ad-Hoc|x64.ActiveCfg = Release|Any CPU
		{A266F8D5-EBCF-476C-AE3A-B7379BB650CC}.Ad-Hoc|x64.Build.0 = Release|Any CPU
		{A266F8D5-EBCF-476C-AE3A-B7379BB650CC}.Ad-Hoc|x64.Deploy.0 = Release|Any CPU
		{A266F8D5-EBCF-476C-AE3A-B7379BB650CC}.Ad-Hoc|x86.ActiveCfg = Release|x86
		{A266F8D5-EBCF-476C-AE3A-B7379BB650CC}.Ad-Hoc|x86.Build.0 = Release|x86
		{A266F8D5-EBCF-476C-AE3A-B7379BB650CC}.Ad-Hoc|x86.Deploy.0 = Release|x86
		{A266F8D5-EBCF-476C-AE3A-B7379BB650CC}.AppStore|Any CPU.ActiveCfg = Release|Any CPU
		{A266F8D5-EBCF-476C-AE3A-B7379BB650CC}.AppStore|Any CPU.Build.0 = Release|Any CPU
		{A266F8D5-EBCF-476C-AE3A-B7379BB650CC}.AppStore|Any CPU.Deploy.0 = Release|Any CPU
		{A266F8D5-EBCF-476C-AE3A-B7379BB650CC}.AppStore|ARM.ActiveCfg = Release|ARM
		{A266F8D5-EBCF-476C-AE3A-B7379BB650CC}.AppStore|ARM.Build.0 = Release|ARM
		{A266F8D5-EBCF-476C-AE3A-B7379BB650CC}.AppStore|ARM.Deploy.0 = Release|ARM
		{A266F8D5-EBCF-476C-AE3A-B7379BB650CC}.AppStore|iPhone.ActiveCfg = Release|Any CPU
		{A266F8D5-EBCF-476C-AE3A-B7379BB650CC}.AppStore|iPhone.Build.0 = Release|Any CPU
		{A266F8D5-EBCF-476C-AE3A-B7379BB650CC}.AppStore|iPhone.Deploy.0 = Release|Any CPU
		{A266F8D5-EBCF-476C-AE3A-B7379BB650CC}.AppStore|iPhoneSimulator.ActiveCfg = Release|Any CPU
		{A266F8D5-EBCF-476C-AE3A-B7379BB650CC}.AppStore|iPhoneSimulator.Build.0 = Release|Any CPU
		{A266F8D5-EBCF-476C-AE3A-B7379BB650CC}.AppStore|iPhoneSimulator.Deploy.0 = Release|Any CPU
		{A266F8D5-EBCF-476C-AE3A-B7379BB650CC}.AppStore|x64.ActiveCfg = Release|Any CPU
		{A266F8D5-EBCF-476C-AE3A-B7379BB650CC}.AppStore|x64.Build.0 = Release|Any CPU
		{A266F8D5-EBCF-476C-AE3A-B7379BB650CC}.AppStore|x64.Deploy.0 = Release|Any CPU
		{A266F8D5-EBCF-476C-AE3A-B7379BB650CC}.AppStore|x86.ActiveCfg = Release|x86
		{A266F8D5-EBCF-476C-AE3A-B7379BB650CC}.AppStore|x86.Build.0 = Release|x86
		{A266F8D5-EBCF-476C-AE3A-B7379BB650CC}.AppStore|x86.Deploy.0 = Release|x86
		{A266F8D5-EBCF-476C-AE3A-B7379BB650CC}.Debug|Any CPU.ActiveCfg = Debug|Any CPU
		{A266F8D5-EBCF-476C-AE3A-B7379BB650CC}.Debug|Any CPU.Build.0 = Debug|Any CPU
		{A266F8D5-EBCF-476C-AE3A-B7379BB650CC}.Debug|Any CPU.Deploy.0 = Debug|Any CPU
		{A266F8D5-EBCF-476C-AE3A-B7379BB650CC}.Debug|ARM.ActiveCfg = Debug|ARM
		{A266F8D5-EBCF-476C-AE3A-B7379BB650CC}.Debug|ARM.Build.0 = Debug|ARM
		{A266F8D5-EBCF-476C-AE3A-B7379BB650CC}.Debug|ARM.Deploy.0 = Debug|ARM
		{A266F8D5-EBCF-476C-AE3A-B7379BB650CC}.Debug|iPhone.ActiveCfg = Debug|Any CPU
		{A266F8D5-EBCF-476C-AE3A-B7379BB650CC}.Debug|iPhone.Build.0 = Debug|Any CPU
		{A266F8D5-EBCF-476C-AE3A-B7379BB650CC}.Debug|iPhone.Deploy.0 = Debug|Any CPU
		{A266F8D5-EBCF-476C-AE3A-B7379BB650CC}.Debug|iPhoneSimulator.ActiveCfg = Debug|Any CPU
		{A266F8D5-EBCF-476C-AE3A-B7379BB650CC}.Debug|iPhoneSimulator.Build.0 = Debug|Any CPU
		{A266F8D5-EBCF-476C-AE3A-B7379BB650CC}.Debug|iPhoneSimulator.Deploy.0 = Debug|Any CPU
		{A266F8D5-EBCF-476C-AE3A-B7379BB650CC}.Debug|x64.ActiveCfg = Debug|Any CPU
		{A266F8D5-EBCF-476C-AE3A-B7379BB650CC}.Debug|x64.Build.0 = Debug|Any CPU
		{A266F8D5-EBCF-476C-AE3A-B7379BB650CC}.Debug|x64.Deploy.0 = Debug|Any CPU
		{A266F8D5-EBCF-476C-AE3A-B7379BB650CC}.Debug|x86.ActiveCfg = Debug|x86
		{A266F8D5-EBCF-476C-AE3A-B7379BB650CC}.Debug|x86.Build.0 = Debug|x86
		{A266F8D5-EBCF-476C-AE3A-B7379BB650CC}.Debug|x86.Deploy.0 = Debug|x86
		{A266F8D5-EBCF-476C-AE3A-B7379BB650CC}.Release|Any CPU.ActiveCfg = Release|Any CPU
		{A266F8D5-EBCF-476C-AE3A-B7379BB650CC}.Release|Any CPU.Build.0 = Release|Any CPU
		{A266F8D5-EBCF-476C-AE3A-B7379BB650CC}.Release|Any CPU.Deploy.0 = Release|Any CPU
		{A266F8D5-EBCF-476C-AE3A-B7379BB650CC}.Release|ARM.ActiveCfg = Release|ARM
		{A266F8D5-EBCF-476C-AE3A-B7379BB650CC}.Release|ARM.Build.0 = Release|ARM
		{A266F8D5-EBCF-476C-AE3A-B7379BB650CC}.Release|ARM.Deploy.0 = Release|ARM
		{A266F8D5-EBCF-476C-AE3A-B7379BB650CC}.Release|iPhone.ActiveCfg = Release|Any CPU
		{A266F8D5-EBCF-476C-AE3A-B7379BB650CC}.Release|iPhone.Build.0 = Release|Any CPU
		{A266F8D5-EBCF-476C-AE3A-B7379BB650CC}.Release|iPhone.Deploy.0 = Release|Any CPU
		{A266F8D5-EBCF-476C-AE3A-B7379BB650CC}.Release|iPhoneSimulator.ActiveCfg = Release|Any CPU
		{A266F8D5-EBCF-476C-AE3A-B7379BB650CC}.Release|iPhoneSimulator.Build.0 = Release|Any CPU
		{A266F8D5-EBCF-476C-AE3A-B7379BB650CC}.Release|iPhoneSimulator.Deploy.0 = Release|Any CPU
		{A266F8D5-EBCF-476C-AE3A-B7379BB650CC}.Release|x64.ActiveCfg = Release|Any CPU
		{A266F8D5-EBCF-476C-AE3A-B7379BB650CC}.Release|x64.Build.0 = Release|Any CPU
		{A266F8D5-EBCF-476C-AE3A-B7379BB650CC}.Release|x64.Deploy.0 = Release|Any CPU
		{A266F8D5-EBCF-476C-AE3A-B7379BB650CC}.Release|x86.ActiveCfg = Release|x86
		{A266F8D5-EBCF-476C-AE3A-B7379BB650CC}.Release|x86.Build.0 = Release|x86
		{A266F8D5-EBCF-476C-AE3A-B7379BB650CC}.Release|x86.Deploy.0 = Release|x86
		{BA4C21A4-58B8-444C-A4EF-55DCE58C4B38}.Ad-Hoc|Any CPU.ActiveCfg = Release|Any CPU
		{BA4C21A4-58B8-444C-A4EF-55DCE58C4B38}.Ad-Hoc|Any CPU.Build.0 = Release|Any CPU
		{BA4C21A4-58B8-444C-A4EF-55DCE58C4B38}.Ad-Hoc|Any CPU.Deploy.0 = Release|Any CPU
		{BA4C21A4-58B8-444C-A4EF-55DCE58C4B38}.Ad-Hoc|ARM.ActiveCfg = Release|ARM
		{BA4C21A4-58B8-444C-A4EF-55DCE58C4B38}.Ad-Hoc|ARM.Build.0 = Release|ARM
		{BA4C21A4-58B8-444C-A4EF-55DCE58C4B38}.Ad-Hoc|ARM.Deploy.0 = Release|ARM
		{BA4C21A4-58B8-444C-A4EF-55DCE58C4B38}.Ad-Hoc|iPhone.ActiveCfg = Release|Any CPU
		{BA4C21A4-58B8-444C-A4EF-55DCE58C4B38}.Ad-Hoc|iPhone.Build.0 = Release|Any CPU
		{BA4C21A4-58B8-444C-A4EF-55DCE58C4B38}.Ad-Hoc|iPhone.Deploy.0 = Release|Any CPU
		{BA4C21A4-58B8-444C-A4EF-55DCE58C4B38}.Ad-Hoc|iPhoneSimulator.ActiveCfg = Release|Any CPU
		{BA4C21A4-58B8-444C-A4EF-55DCE58C4B38}.Ad-Hoc|iPhoneSimulator.Build.0 = Release|Any CPU
		{BA4C21A4-58B8-444C-A4EF-55DCE58C4B38}.Ad-Hoc|iPhoneSimulator.Deploy.0 = Release|Any CPU
		{BA4C21A4-58B8-444C-A4EF-55DCE58C4B38}.Ad-Hoc|x64.ActiveCfg = Release|x64
		{BA4C21A4-58B8-444C-A4EF-55DCE58C4B38}.Ad-Hoc|x64.Build.0 = Release|x64
		{BA4C21A4-58B8-444C-A4EF-55DCE58C4B38}.Ad-Hoc|x64.Deploy.0 = Release|x64
		{BA4C21A4-58B8-444C-A4EF-55DCE58C4B38}.Ad-Hoc|x86.ActiveCfg = Release|x86
		{BA4C21A4-58B8-444C-A4EF-55DCE58C4B38}.Ad-Hoc|x86.Build.0 = Release|x86
		{BA4C21A4-58B8-444C-A4EF-55DCE58C4B38}.Ad-Hoc|x86.Deploy.0 = Release|x86
		{BA4C21A4-58B8-444C-A4EF-55DCE58C4B38}.AppStore|Any CPU.ActiveCfg = Release|Any CPU
		{BA4C21A4-58B8-444C-A4EF-55DCE58C4B38}.AppStore|Any CPU.Build.0 = Release|Any CPU
		{BA4C21A4-58B8-444C-A4EF-55DCE58C4B38}.AppStore|Any CPU.Deploy.0 = Release|Any CPU
		{BA4C21A4-58B8-444C-A4EF-55DCE58C4B38}.AppStore|ARM.ActiveCfg = Release|ARM
		{BA4C21A4-58B8-444C-A4EF-55DCE58C4B38}.AppStore|ARM.Build.0 = Release|ARM
		{BA4C21A4-58B8-444C-A4EF-55DCE58C4B38}.AppStore|ARM.Deploy.0 = Release|ARM
		{BA4C21A4-58B8-444C-A4EF-55DCE58C4B38}.AppStore|iPhone.ActiveCfg = Release|Any CPU
		{BA4C21A4-58B8-444C-A4EF-55DCE58C4B38}.AppStore|iPhone.Build.0 = Release|Any CPU
		{BA4C21A4-58B8-444C-A4EF-55DCE58C4B38}.AppStore|iPhone.Deploy.0 = Release|Any CPU
		{BA4C21A4-58B8-444C-A4EF-55DCE58C4B38}.AppStore|iPhoneSimulator.ActiveCfg = Release|Any CPU
		{BA4C21A4-58B8-444C-A4EF-55DCE58C4B38}.AppStore|iPhoneSimulator.Build.0 = Release|Any CPU
		{BA4C21A4-58B8-444C-A4EF-55DCE58C4B38}.AppStore|iPhoneSimulator.Deploy.0 = Release|Any CPU
		{BA4C21A4-58B8-444C-A4EF-55DCE58C4B38}.AppStore|x64.ActiveCfg = Release|x64
		{BA4C21A4-58B8-444C-A4EF-55DCE58C4B38}.AppStore|x64.Build.0 = Release|x64
		{BA4C21A4-58B8-444C-A4EF-55DCE58C4B38}.AppStore|x64.Deploy.0 = Release|x64
		{BA4C21A4-58B8-444C-A4EF-55DCE58C4B38}.AppStore|x86.ActiveCfg = Release|x86
		{BA4C21A4-58B8-444C-A4EF-55DCE58C4B38}.AppStore|x86.Build.0 = Release|x86
		{BA4C21A4-58B8-444C-A4EF-55DCE58C4B38}.AppStore|x86.Deploy.0 = Release|x86
		{BA4C21A4-58B8-444C-A4EF-55DCE58C4B38}.Debug|Any CPU.ActiveCfg = Debug|Any CPU
		{BA4C21A4-58B8-444C-A4EF-55DCE58C4B38}.Debug|Any CPU.Build.0 = Debug|Any CPU
		{BA4C21A4-58B8-444C-A4EF-55DCE58C4B38}.Debug|Any CPU.Deploy.0 = Debug|Any CPU
		{BA4C21A4-58B8-444C-A4EF-55DCE58C4B38}.Debug|ARM.ActiveCfg = Debug|ARM
		{BA4C21A4-58B8-444C-A4EF-55DCE58C4B38}.Debug|ARM.Build.0 = Debug|ARM
		{BA4C21A4-58B8-444C-A4EF-55DCE58C4B38}.Debug|ARM.Deploy.0 = Debug|ARM
		{BA4C21A4-58B8-444C-A4EF-55DCE58C4B38}.Debug|iPhone.ActiveCfg = Debug|Any CPU
		{BA4C21A4-58B8-444C-A4EF-55DCE58C4B38}.Debug|iPhone.Build.0 = Debug|Any CPU
		{BA4C21A4-58B8-444C-A4EF-55DCE58C4B38}.Debug|iPhone.Deploy.0 = Debug|Any CPU
		{BA4C21A4-58B8-444C-A4EF-55DCE58C4B38}.Debug|iPhoneSimulator.ActiveCfg = Debug|Any CPU
		{BA4C21A4-58B8-444C-A4EF-55DCE58C4B38}.Debug|iPhoneSimulator.Build.0 = Debug|Any CPU
		{BA4C21A4-58B8-444C-A4EF-55DCE58C4B38}.Debug|iPhoneSimulator.Deploy.0 = Debug|Any CPU
		{BA4C21A4-58B8-444C-A4EF-55DCE58C4B38}.Debug|x64.ActiveCfg = Debug|x64
		{BA4C21A4-58B8-444C-A4EF-55DCE58C4B38}.Debug|x64.Build.0 = Debug|x64
		{BA4C21A4-58B8-444C-A4EF-55DCE58C4B38}.Debug|x64.Deploy.0 = Debug|x64
		{BA4C21A4-58B8-444C-A4EF-55DCE58C4B38}.Debug|x86.ActiveCfg = Debug|x86
		{BA4C21A4-58B8-444C-A4EF-55DCE58C4B38}.Debug|x86.Build.0 = Debug|x86
		{BA4C21A4-58B8-444C-A4EF-55DCE58C4B38}.Debug|x86.Deploy.0 = Debug|x86
		{BA4C21A4-58B8-444C-A4EF-55DCE58C4B38}.Release|Any CPU.ActiveCfg = Release|Any CPU
		{BA4C21A4-58B8-444C-A4EF-55DCE58C4B38}.Release|Any CPU.Build.0 = Release|Any CPU
		{BA4C21A4-58B8-444C-A4EF-55DCE58C4B38}.Release|Any CPU.Deploy.0 = Release|Any CPU
		{BA4C21A4-58B8-444C-A4EF-55DCE58C4B38}.Release|ARM.ActiveCfg = Release|ARM
		{BA4C21A4-58B8-444C-A4EF-55DCE58C4B38}.Release|ARM.Build.0 = Release|ARM
		{BA4C21A4-58B8-444C-A4EF-55DCE58C4B38}.Release|ARM.Deploy.0 = Release|ARM
		{BA4C21A4-58B8-444C-A4EF-55DCE58C4B38}.Release|iPhone.ActiveCfg = Release|Any CPU
		{BA4C21A4-58B8-444C-A4EF-55DCE58C4B38}.Release|iPhone.Build.0 = Release|Any CPU
		{BA4C21A4-58B8-444C-A4EF-55DCE58C4B38}.Release|iPhone.Deploy.0 = Release|Any CPU
		{BA4C21A4-58B8-444C-A4EF-55DCE58C4B38}.Release|iPhoneSimulator.ActiveCfg = Release|Any CPU
		{BA4C21A4-58B8-444C-A4EF-55DCE58C4B38}.Release|iPhoneSimulator.Build.0 = Release|Any CPU
		{BA4C21A4-58B8-444C-A4EF-55DCE58C4B38}.Release|iPhoneSimulator.Deploy.0 = Release|Any CPU
		{BA4C21A4-58B8-444C-A4EF-55DCE58C4B38}.Release|x64.ActiveCfg = Release|x64
		{BA4C21A4-58B8-444C-A4EF-55DCE58C4B38}.Release|x64.Build.0 = Release|x64
		{BA4C21A4-58B8-444C-A4EF-55DCE58C4B38}.Release|x64.Deploy.0 = Release|x64
		{BA4C21A4-58B8-444C-A4EF-55DCE58C4B38}.Release|x86.ActiveCfg = Release|x86
		{BA4C21A4-58B8-444C-A4EF-55DCE58C4B38}.Release|x86.Build.0 = Release|x86
		{BA4C21A4-58B8-444C-A4EF-55DCE58C4B38}.Release|x86.Deploy.0 = Release|x86
	EndGlobalSection
	GlobalSection(SolutionProperties) = preSolution
		HideSolutionNode = FALSE
	EndGlobalSection
EndGlobal
